// !$*UTF8*$!
{
	archiveVersion = 1;
	classes = {
	};
	objectVersion = 50;
	objects = {

/* Begin PBXBuildFile section */
		F019924122395746003F6D32 /* AppDelegate.swift in Sources */ = {isa = PBXBuildFile; fileRef = F019924022395746003F6D32 /* AppDelegate.swift */; };
		F019924322395746003F6D32 /* ViewController.swift in Sources */ = {isa = PBXBuildFile; fileRef = F019924222395746003F6D32 /* ViewController.swift */; };
		F019924622395746003F6D32 /* Main.storyboard in Resources */ = {isa = PBXBuildFile; fileRef = F019924422395746003F6D32 /* Main.storyboard */; };
		F019924922395746003F6D32 /* DepthApp.xcdatamodeld in Sources */ = {isa = PBXBuildFile; fileRef = F019924722395746003F6D32 /* DepthApp.xcdatamodeld */; };
		F019924B22395748003F6D32 /* Assets.xcassets in Resources */ = {isa = PBXBuildFile; fileRef = F019924A22395748003F6D32 /* Assets.xcassets */; };
		F019924E22395748003F6D32 /* LaunchScreen.storyboard in Resources */ = {isa = PBXBuildFile; fileRef = F019924C22395748003F6D32 /* LaunchScreen.storyboard */; };
		F0DCF166224CDDAB00A1AA5E /* DepthCapture.swift in Sources */ = {isa = PBXBuildFile; fileRef = F0DCF165224CDDAB00A1AA5E /* DepthCapture.swift */; };
/* End PBXBuildFile section */

/* Begin PBXFileReference section */
		F019923D22395746003F6D32 /* DepthApp.app */ = {isa = PBXFileReference; explicitFileType = wrapper.application; includeInIndex = 0; path = DepthApp.app; sourceTree = BUILT_PRODUCTS_DIR; };
		F019924022395746003F6D32 /* AppDelegate.swift */ = {isa = PBXFileReference; lastKnownFileType = sourcecode.swift; path = AppDelegate.swift; sourceTree = "<group>"; };
		F019924222395746003F6D32 /* ViewController.swift */ = {isa = PBXFileReference; lastKnownFileType = sourcecode.swift; path = ViewController.swift; sourceTree = "<group>"; };
		F019924522395746003F6D32 /* Base */ = {isa = PBXFileReference; lastKnownFileType = file.storyboard; name = Base; path = Base.lproj/Main.storyboard; sourceTree = "<group>"; };
		F019924822395746003F6D32 /* DepthApp.xcdatamodel */ = {isa = PBXFileReference; lastKnownFileType = wrapper.xcdatamodel; path = DepthApp.xcdatamodel; sourceTree = "<group>"; };
		F019924A22395748003F6D32 /* Assets.xcassets */ = {isa = PBXFileReference; lastKnownFileType = folder.assetcatalog; path = Assets.xcassets; sourceTree = "<group>"; };
		F019924D22395748003F6D32 /* Base */ = {isa = PBXFileReference; lastKnownFileType = file.storyboard; name = Base; path = Base.lproj/LaunchScreen.storyboard; sourceTree = "<group>"; };
		F019924F22395748003F6D32 /* Info.plist */ = {isa = PBXFileReference; lastKnownFileType = text.plist.xml; path = Info.plist; sourceTree = "<group>"; };
		F0DCF165224CDDAB00A1AA5E /* DepthCapture.swift */ = {isa = PBXFileReference; lastKnownFileType = sourcecode.swift; path = DepthCapture.swift; sourceTree = "<group>"; };
/* End PBXFileReference section */

/* Begin PBXFrameworksBuildPhase section */
		F019923A22395746003F6D32 /* Frameworks */ = {
			isa = PBXFrameworksBuildPhase;
			buildActionMask = 2147483647;
			files = (
			);
			runOnlyForDeploymentPostprocessing = 0;
		};
/* End PBXFrameworksBuildPhase section */

/* Begin PBXGroup section */
		F019923422395746003F6D32 = {
			isa = PBXGroup;
			children = (
				F019923F22395746003F6D32 /* DepthApp */,
				F019923E22395746003F6D32 /* Products */,
			);
			sourceTree = "<group>";
		};
		F019923E22395746003F6D32 /* Products */ = {
			isa = PBXGroup;
			children = (
				F019923D22395746003F6D32 /* DepthApp.app */,
			);
			name = Products;
			sourceTree = "<group>";
		};
		F019923F22395746003F6D32 /* DepthApp */ = {
			isa = PBXGroup;
			children = (
				F019924022395746003F6D32 /* AppDelegate.swift */,
				F019924222395746003F6D32 /* ViewController.swift */,
				F019924422395746003F6D32 /* Main.storyboard */,
				F019924A22395748003F6D32 /* Assets.xcassets */,
				F019924C22395748003F6D32 /* LaunchScreen.storyboard */,
				F019924F22395748003F6D32 /* Info.plist */,
				F019924722395746003F6D32 /* DepthApp.xcdatamodeld */,
				F0DCF165224CDDAB00A1AA5E /* DepthCapture.swift */,
			);
			path = DepthApp;
			sourceTree = "<group>";
		};
/* End PBXGroup section */

/* Begin PBXNativeTarget section */
		F019923C22395746003F6D32 /* DepthApp */ = {
			isa = PBXNativeTarget;
			buildConfigurationList = F019925222395748003F6D32 /* Build configuration list for PBXNativeTarget "DepthApp" */;
			buildPhases = (
				F019923922395746003F6D32 /* Sources */,
				F019923A22395746003F6D32 /* Frameworks */,
				F019923B22395746003F6D32 /* Resources */,
			);
			buildRules = (
			);
			dependencies = (
			);
			name = DepthApp;
			productName = DepthApp;
			productReference = F019923D22395746003F6D32 /* DepthApp.app */;
			productType = "com.apple.product-type.application";
		};
/* End PBXNativeTarget section */

/* Begin PBXProject section */
		F019923522395746003F6D32 /* Project object */ = {
			isa = PBXProject;
			attributes = {
				LastSwiftUpdateCheck = 1010;
				LastUpgradeCheck = 1010;
				ORGANIZATIONNAME = "Juha Eskonen";
				TargetAttributes = {
					F019923C22395746003F6D32 = {
						CreatedOnToolsVersion = 10.1;
					};
				};
			};
			buildConfigurationList = F019923822395746003F6D32 /* Build configuration list for PBXProject "DepthApp" */;
			compatibilityVersion = "Xcode 9.3";
			developmentRegion = en;
			hasScannedForEncodings = 0;
			knownRegions = (
				en,
				Base,
			);
			mainGroup = F019923422395746003F6D32;
			productRefGroup = F019923E22395746003F6D32 /* Products */;
			projectDirPath = "";
			projectRoot = "";
			targets = (
				F019923C22395746003F6D32 /* DepthApp */,
			);
		};
/* End PBXProject section */

/* Begin PBXResourcesBuildPhase section */
		F019923B22395746003F6D32 /* Resources */ = {
			isa = PBXResourcesBuildPhase;
			buildActionMask = 2147483647;
			files = (
				F019924E22395748003F6D32 /* LaunchScreen.storyboard in Resources */,
				F019924B22395748003F6D32 /* Assets.xcassets in Resources */,
				F019924622395746003F6D32 /* Main.storyboard in Resources */,
			);
			runOnlyForDeploymentPostprocessing = 0;
		};
/* End PBXResourcesBuildPhase section */

/* Begin PBXSourcesBuildPhase section */
		F019923922395746003F6D32 /* Sources */ = {
			isa = PBXSourcesBuildPhase;
			buildActionMask = 2147483647;
			files = (
				F019924322395746003F6D32 /* ViewController.swift in Sources */,
				F019924122395746003F6D32 /* AppDelegate.swift in Sources */,
				F0DCF166224CDDAB00A1AA5E /* DepthCapture.swift in Sources */,
				F019924922395746003F6D32 /* DepthApp.xcdatamodeld in Sources */,
			);
			runOnlyForDeploymentPostprocessing = 0;
		};
/* End PBXSourcesBuildPhase section */

/* Begin PBXVariantGroup section */
		F019924422395746003F6D32 /* Main.storyboard */ = {
			isa = PBXVariantGroup;
			children = (
				F019924522395746003F6D32 /* Base */,
			);
			name = Main.storyboard;
			sourceTree = "<group>";
		};
		F019924C22395748003F6D32 /* LaunchScreen.storyboard */ = {
			isa = PBXVariantGroup;
			children = (
				F019924D22395748003F6D32 /* Base */,
			);
			name = LaunchScreen.storyboard;
			sourceTree = "<group>";
		};
/* End PBXVariantGroup section */

/* Begin XCBuildConfiguration section */
		F019925022395748003F6D32 /* Debug */ = {
			isa = XCBuildConfiguration;
			buildSettings = {
				ALWAYS_SEARCH_USER_PATHS = NO;
				CLANG_ANALYZER_NONNULL = YES;
				CLANG_ANALYZER_NUMBER_OBJECT_CONVERSION = YES_AGGRESSIVE;
				CLANG_CXX_LANGUAGE_STANDARD = "gnu++14";
				CLANG_CXX_LIBRARY = "libc++";
				CLANG_ENABLE_MODULES = YES;
				CLANG_ENABLE_OBJC_ARC = YES;
				CLANG_ENABLE_OBJC_WEAK = YES;
				CLANG_WARN_BLOCK_CAPTURE_AUTORELEASING = YES;
				CLANG_WARN_BOOL_CONVERSION = YES;
				CLANG_WARN_COMMA = YES;
				CLANG_WARN_CONSTANT_CONVERSION = YES;
				CLANG_WARN_DEPRECATED_OBJC_IMPLEMENTATIONS = YES;
				CLANG_WARN_DIRECT_OBJC_ISA_USAGE = YES_ERROR;
				CLANG_WARN_DOCUMENTATION_COMMENTS = YES;
				CLANG_WARN_EMPTY_BODY = YES;
				CLANG_WARN_ENUM_CONVERSION = YES;
				CLANG_WARN_INFINITE_RECURSION = YES;
				CLANG_WARN_INT_CONVERSION = YES;
				CLANG_WARN_NON_LITERAL_NULL_CONVERSION = YES;
				CLANG_WARN_OBJC_IMPLICIT_RETAIN_SELF = YES;
				CLANG_WARN_OBJC_LITERAL_CONVERSION = YES;
				CLANG_WARN_OBJC_ROOT_CLASS = YES_ERROR;
				CLANG_WARN_RANGE_LOOP_ANALYSIS = YES;
				CLANG_WARN_STRICT_PROTOTYPES = YES;
				CLANG_WARN_SUSPICIOUS_MOVE = YES;
				CLANG_WARN_UNGUARDED_AVAILABILITY = YES_AGGRESSIVE;
				CLANG_WARN_UNREACHABLE_CODE = YES;
				CLANG_WARN__DUPLICATE_METHOD_MATCH = YES;
				CODE_SIGN_IDENTITY = "iPhone Developer";
				COPY_PHASE_STRIP = NO;
				DEBUG_INFORMATION_FORMAT = dwarf;
				ENABLE_STRICT_OBJC_MSGSEND = YES;
				ENABLE_TESTABILITY = YES;
				GCC_C_LANGUAGE_STANDARD = gnu11;
				GCC_DYNAMIC_NO_PIC = NO;
				GCC_NO_COMMON_BLOCKS = YES;
				GCC_OPTIMIZATION_LEVEL = 0;
				GCC_PREPROCESSOR_DEFINITIONS = (
					"DEBUG=1",
					"$(inherited)",
				);
				GCC_WARN_64_TO_32_BIT_CONVERSION = YES;
				GCC_WARN_ABOUT_RETURN_TYPE = YES_ERROR;
				GCC_WARN_UNDECLARED_SELECTOR = YES;
				GCC_WARN_UNINITIALIZED_AUTOS = YES_AGGRESSIVE;
				GCC_WARN_UNUSED_FUNCTION = YES;
				GCC_WARN_UNUSED_VARIABLE = YES;
				IPHONEOS_DEPLOYMENT_TARGET = 12.1;
				MTL_ENABLE_DEBUG_INFO = INCLUDE_SOURCE;
				MTL_FAST_MATH = YES;
				ONLY_ACTIVE_ARCH = YES;
				SDKROOT = iphoneos;
				SWIFT_ACTIVE_COMPILATION_CONDITIONS = DEBUG;
				SWIFT_OPTIMIZATION_LEVEL = "-Onone";
			};
			name = Debug;
		};
		F019925122395748003F6D32 /* Release */ = {
			isa = XCBuildConfiguration;
			buildSettings = {
				ALWAYS_SEARCH_USER_PATHS = NO;
				CLANG_ANALYZER_NONNULL = YES;
				CLANG_ANALYZER_NUMBER_OBJECT_CONVERSION = YES_AGGRESSIVE;
				CLANG_CXX_LANGUAGE_STANDARD = "gnu++14";
				CLANG_CXX_LIBRARY = "libc++";
				CLANG_ENABLE_MODULES = YES;
				CLANG_ENABLE_OBJC_ARC = YES;
				CLANG_ENABLE_OBJC_WEAK = YES;
				CLANG_WARN_BLOCK_CAPTURE_AUTORELEASING = YES;
				CLANG_WARN_BOOL_CONVERSION = YES;
				CLANG_WARN_COMMA = YES;
				CLANG_WARN_CONSTANT_CONVERSION = YES;
				CLANG_WARN_DEPRECATED_OBJC_IMPLEMENTATIONS = YES;
				CLANG_WARN_DIRECT_OBJC_ISA_USAGE = YES_ERROR;
				CLANG_WARN_DOCUMENTATION_COMMENTS = YES;
				CLANG_WARN_EMPTY_BODY = YES;
				CLANG_WARN_ENUM_CONVERSION = YES;
				CLANG_WARN_INFINITE_RECURSION = YES;
				CLANG_WARN_INT_CONVERSION = YES;
				CLANG_WARN_NON_LITERAL_NULL_CONVERSION = YES;
				CLANG_WARN_OBJC_IMPLICIT_RETAIN_SELF = YES;
				CLANG_WARN_OBJC_LITERAL_CONVERSION = YES;
				CLANG_WARN_OBJC_ROOT_CLASS = YES_ERROR;
				CLANG_WARN_RANGE_LOOP_ANALYSIS = YES;
				CLANG_WARN_STRICT_PROTOTYPES = YES;
				CLANG_WARN_SUSPICIOUS_MOVE = YES;
				CLANG_WARN_UNGUARDED_AVAILABILITY = YES_AGGRESSIVE;
				CLANG_WARN_UNREACHABLE_CODE = YES;
				CLANG_WARN__DUPLICATE_METHOD_MATCH = YES;
				CODE_SIGN_IDENTITY = "iPhone Developer";
				COPY_PHASE_STRIP = NO;
				DEBUG_INFORMATION_FORMAT = "dwarf-with-dsym";
				ENABLE_NS_ASSERTIONS = NO;
				ENABLE_STRICT_OBJC_MSGSEND = YES;
				GCC_C_LANGUAGE_STANDARD = gnu11;
				GCC_NO_COMMON_BLOCKS = YES;
				GCC_WARN_64_TO_32_BIT_CONVERSION = YES;
				GCC_WARN_ABOUT_RETURN_TYPE = YES_ERROR;
				GCC_WARN_UNDECLARED_SELECTOR = YES;
				GCC_WARN_UNINITIALIZED_AUTOS = YES_AGGRESSIVE;
				GCC_WARN_UNUSED_FUNCTION = YES;
				GCC_WARN_UNUSED_VARIABLE = YES;
				IPHONEOS_DEPLOYMENT_TARGET = 12.1;
				MTL_ENABLE_DEBUG_INFO = NO;
				MTL_FAST_MATH = YES;
				SDKROOT = iphoneos;
				SWIFT_COMPILATION_MODE = wholemodule;
				SWIFT_OPTIMIZATION_LEVEL = "-O";
				VALIDATE_PRODUCT = YES;
			};
			name = Release;
		};
		F019925322395748003F6D32 /* Debug */ = {
			isa = XCBuildConfiguration;
			buildSettings = {
				ASSETCATALOG_COMPILER_APPICON_NAME = AppIcon;
				CODE_SIGN_STYLE = Automatic;
				DEVELOPMENT_TEAM = "";
				INFOPLIST_FILE = DepthApp/Info.plist;
				LD_RUNPATH_SEARCH_PATHS = (
					"$(inherited)",
					"@executable_path/Frameworks",
				);
				PRODUCT_BUNDLE_IDENTIFIER = com.mantoone.DepthApp;
				PRODUCT_NAME = "$(TARGET_NAME)";
				SWIFT_VERSION = 4.2;
				TARGETED_DEVICE_FAMILY = "1,2";
			};
			name = Debug;
		};
		F019925422395748003F6D32 /* Release */ = {
			isa = XCBuildConfiguration;
			buildSettings = {
				ASSETCATALOG_COMPILER_APPICON_NAME = AppIcon;
				CODE_SIGN_STYLE = Automatic;
				DEVELOPMENT_TEAM = "";
				INFOPLIST_FILE = DepthApp/Info.plist;
				LD_RUNPATH_SEARCH_PATHS = (
					"$(inherited)",
					"@executable_path/Frameworks",
				);
				PRODUCT_BUNDLE_IDENTIFIER = com.mantoone.DepthApp;
				PRODUCT_NAME = "$(TARGET_NAME)";
				SWIFT_VERSION = 4.2;
				TARGETED_DEVICE_FAMILY = "1,2";
			};
			name = Release;
		};
/* End XCBuildConfiguration section */

/* Begin XCConfigurationList section */
		F019923822395746003F6D32 /* Build configuration list for PBXProject "DepthApp" */ = {
			isa = XCConfigurationList;
			buildConfigurations = (
				F019925022395748003F6D32 /* Debug */,
				F019925122395748003F6D32 /* Release */,
			);
			defaultConfigurationIsVisible = 0;
			defaultConfigurationName = Release;
		};
		F019925222395748003F6D32 /* Build configuration list for PBXNativeTarget "DepthApp" */ = {
			isa = XCConfigurationList;
			buildConfigurations = (
				F019925322395748003F6D32 /* Debug */,
				F019925422395748003F6D32 /* Release */,
			);
			defaultConfigurationIsVisible = 0;
			defaultConfigurationName = Release;
		};
/* End XCConfigurationList section */

/* Begin XCVersionGroup section */
		F019924722395746003F6D32 /* DepthApp.xcdatamodeld */ = {
			isa = XCVersionGroup;
			children = (
				F019924822395746003F6D32 /* DepthApp.xcdatamodel */,
			);
			currentVersion = F019924822395746003F6D32 /* DepthApp.xcdatamodel */;
			path = DepthApp.xcdatamodeld;
			sourceTree = "<group>";
			versionGroupType = wrapper.xcdatamodel;
		};
/* End XCVersionGroup section */
	};
	rootObject = F019923522395746003F6D32 /* Project object */;
}
